
Microsoft Visual Studio Solution File, Format Version 12.00
# Visual Studio Version 17
VisualStudioVersion = 17.5.002.0
MinimumVisualStudioVersion = 10.0.40219.1
Project("{9A19103F-16F7-4668-BE54-9A1E7A4F7556}") = "Register", "Register.csproj", "{042601B2-C04C-48B8-BA7C-7AEAFCE2C706}"
EndProject
Global
	GlobalSection(SolutionConfigurationPlatforms) = preSolution
		Debug|Any CPU = Debug|Any CPU
		Release|Any CPU = Release|Any CPU
	EndGlobalSection
	GlobalSection(ProjectConfigurationPlatforms) = postSolution
		{042601B2-C04C-48B8-BA7C-7AEAFCE2C706}.Debug|Any CPU.ActiveCfg = Debug|Any CPU
		{042601B2-C04C-48B8-BA7C-7AEAFCE2C706}.Debug|Any CPU.Build.0 = Debug|Any CPU
		{042601B2-C04C-48B8-BA7C-7AEAFCE2C706}.Release|Any CPU.ActiveCfg = Release|Any CPU
		{042601B2-C04C-48B8-BA7C-7AEAFCE2C706}.Release|Any CPU.Build.0 = Release|Any CPU
	EndGlobalSection
	GlobalSection(SolutionProperties) = preSolution
		HideSolutionNode = FALSE
	EndGlobalSection
	GlobalSection(ExtensibilityGlobals) = postSolution
		SolutionGuid = {37B601D3-F820-4157-9A23-CE20541979DE}
	EndGlobalSection
EndGlobal
